{
  "name": "3-ano_trabalhoGrupo",
  "lockfileVersion": 3,
  "requires": true,
  "packages": {
    "": {
      "dependencies": {
        "bootstrap-icons": "^1.13.1",
        "canvas-confetti": "^1.9.3"
      }
    },
    "node_modules/bootstrap-icons": {
      "version": "1.13.1",
      "resolved": "https://registry.npmjs.org/bootstrap-icons/-/bootstrap-icons-1.13.1.tgz",
      "integrity": "sha512-ijombt4v6bv5CLeXvRWKy7CuM3TRTuPEuGaGKvTV5cz65rQSY8RQ2JcHt6b90cBBAC7s8fsf2EkQDldzCoXUjw==",
      "funding": [
        {
          "type": "github",
          "url": "https://github.com/sponsors/twbs"
        },
        {
          "type": "opencollective",
          "url": "https://opencollective.com/bootstrap"
        }
      ],
      "license": "MIT"
    },
    "node_modules/canvas-confetti": {
      "version": "1.9.3",
      "resolved": "https://registry.npmjs.org/canvas-confetti/-/canvas-confetti-1.9.3.tgz",
      "integrity": "sha512-rFfTURMvmVEX1gyXFgn5QMn81bYk70qa0HLzcIOSVEyl57n6o9ItHeBtUSWdvKAPY0xlvBHno4/v3QPrT83q9g==",
      "license": "ISC",
      "funding": {
        "type": "donate",
        "url": "https://www.paypal.me/kirilvatev"
      }
    }
  }
}
